
Microsoft Visual Studio Solution File, Format Version 12.00
# Visual Studio Version 17
VisualStudioVersion = 17.10.35027.167
MinimumVisualStudioVersion = 10.0.40219.1
Project("{888888A0-9F3D-457C-B088-3A5042F75D52}") = "PythonRH", "PythonRH\PythonRH.pyproj", "{35C828BF-94BA-468C-9CB9-251874CB0118}"
EndProject
Global
	GlobalSection(SolutionConfigurationPlatforms) = preSolution
		Debug|Any CPU = Debug|Any CPU
		Release|Any CPU = Release|Any CPU
	EndGlobalSection
	GlobalSection(ProjectConfigurationPlatforms) = postSolution
		{35C828BF-94BA-468C-9CB9-251874CB0118}.Debug|Any CPU.ActiveCfg = Debug|Any CPU
		{35C828BF-94BA-468C-9CB9-251874CB0118}.Release|Any CPU.ActiveCfg = Release|Any CPU
	EndGlobalSection
	GlobalSection(SolutionProperties) = preSolution
		HideSolutionNode = FALSE
	EndGlobalSection
	GlobalSection(ExtensibilityGlobals) = postSolution
		SolutionGuid = {4AEF236C-EEB7-4597-90C9-E64522FB4451}
	EndGlobalSection
EndGlobal
